
Microsoft Visual Studio Solution File, Format Version 12.00
# Visual Studio Version 17
VisualStudioVersion = 17.7.34202.233
MinimumVisualStudioVersion = 10.0.40219.1
Project("{9A19103F-16F7-4668-BE54-9A1E7A4F7556}") = "SpartaTxt_Dungeon", "SpartaTxt_Dungeon\SpartaTxt_Dungeon.csproj", "{46A01E77-E966-4863-9BBF-E4562421B129}"
EndProject
Project("{9A19103F-16F7-4668-BE54-9A1E7A4F7556}") = "SpartaTxt_Dungeon_Item", "SpartaTxt_Dungeon_Item\SpartaTxt_Dungeon_Item.csproj", "{E77EEC19-EF41-45DD-9803-F7AB1A8922BC}"
EndProject
Project("{9A19103F-16F7-4668-BE54-9A1E7A4F7556}") = "Sparta_TxtDungeon_class", "C:\Users\shss1\Documents\WorkSpace\work_spartan\Sparta_TxtDungeon_beta\Sparta_TxtDungeon_class.csproj", "{EFC59FAD-229E-43D5-BF6C-AC93EF7BC13E}"
EndProject
Project("{9A19103F-16F7-4668-BE54-9A1E7A4F7556}") = "SpartaTxt_Dungeon_Player", "SpartaTxt_Dungeon_Info\SpartaTxt_Dungeon_Player.csproj", "{41FCDBBE-6EAB-4EC7-9135-8A75AFDE3E8B}"
EndProject
Project("{9A19103F-16F7-4668-BE54-9A1E7A4F7556}") = "SpartaTxt_Dungeon_Inven", "SpartaTxt_Dungeon_Inven\SpartaTxt_Dungeon_Inven.csproj", "{092B278C-F359-4FD3-A3B5-853F896D0B50}"
EndProject
Project("{FAE04EC0-301F-11D3-BF4B-00C04F79EFBC}") = "merge", "merge\merge.csproj", "{7352FC3E-7F59-455B-AAE6-30732ED04E9F}"
EndProject
Project("{FAE04EC0-301F-11D3-BF4B-00C04F79EFBC}") = "test1", "test1\test1.csproj", "{2A1384A4-6D82-40A5-913A-8F83992727C6}"
EndProject
Global
	GlobalSection(SolutionConfigurationPlatforms) = preSolution
		Debug|Any CPU = Debug|Any CPU
		Release|Any CPU = Release|Any CPU
	EndGlobalSection
	GlobalSection(ProjectConfigurationPlatforms) = postSolution
		{46A01E77-E966-4863-9BBF-E4562421B129}.Debug|Any CPU.ActiveCfg = Debug|Any CPU
		{46A01E77-E966-4863-9BBF-E4562421B129}.Debug|Any CPU.Build.0 = Debug|Any CPU
		{46A01E77-E966-4863-9BBF-E4562421B129}.Release|Any CPU.ActiveCfg = Release|Any CPU
		{46A01E77-E966-4863-9BBF-E4562421B129}.Release|Any CPU.Build.0 = Release|Any CPU
		{E77EEC19-EF41-45DD-9803-F7AB1A8922BC}.Debug|Any CPU.ActiveCfg = Debug|Any CPU
		{E77EEC19-EF41-45DD-9803-F7AB1A8922BC}.Debug|Any CPU.Build.0 = Debug|Any CPU
		{E77EEC19-EF41-45DD-9803-F7AB1A8922BC}.Release|Any CPU.ActiveCfg = Release|Any CPU
		{E77EEC19-EF41-45DD-9803-F7AB1A8922BC}.Release|Any CPU.Build.0 = Release|Any CPU
		{EFC59FAD-229E-43D5-BF6C-AC93EF7BC13E}.Debug|Any CPU.ActiveCfg = Debug|Any CPU
		{EFC59FAD-229E-43D5-BF6C-AC93EF7BC13E}.Debug|Any CPU.Build.0 = Debug|Any CPU
		{EFC59FAD-229E-43D5-BF6C-AC93EF7BC13E}.Release|Any CPU.ActiveCfg = Release|Any CPU
		{EFC59FAD-229E-43D5-BF6C-AC93EF7BC13E}.Release|Any CPU.Build.0 = Release|Any CPU
		{41FCDBBE-6EAB-4EC7-9135-8A75AFDE3E8B}.Debug|Any CPU.ActiveCfg = Debug|Any CPU
		{41FCDBBE-6EAB-4EC7-9135-8A75AFDE3E8B}.Debug|Any CPU.Build.0 = Debug|Any CPU
		{41FCDBBE-6EAB-4EC7-9135-8A75AFDE3E8B}.Release|Any CPU.ActiveCfg = Release|Any CPU
		{41FCDBBE-6EAB-4EC7-9135-8A75AFDE3E8B}.Release|Any CPU.Build.0 = Release|Any CPU
		{092B278C-F359-4FD3-A3B5-853F896D0B50}.Debug|Any CPU.ActiveCfg = Debug|Any CPU
		{092B278C-F359-4FD3-A3B5-853F896D0B50}.Debug|Any CPU.Build.0 = Debug|Any CPU
		{092B278C-F359-4FD3-A3B5-853F896D0B50}.Release|Any CPU.ActiveCfg = Release|Any CPU
		{092B278C-F359-4FD3-A3B5-853F896D0B50}.Release|Any CPU.Build.0 = Release|Any CPU
		{7352FC3E-7F59-455B-AAE6-30732ED04E9F}.Debug|Any CPU.ActiveCfg = Debug|Any CPU
		{7352FC3E-7F59-455B-AAE6-30732ED04E9F}.Debug|Any CPU.Build.0 = Debug|Any CPU
		{7352FC3E-7F59-455B-AAE6-30732ED04E9F}.Release|Any CPU.ActiveCfg = Release|Any CPU
		{7352FC3E-7F59-455B-AAE6-30732ED04E9F}.Release|Any CPU.Build.0 = Release|Any CPU
		{2A1384A4-6D82-40A5-913A-8F83992727C6}.Debug|Any CPU.ActiveCfg = Debug|Any CPU
		{2A1384A4-6D82-40A5-913A-8F83992727C6}.Debug|Any CPU.Build.0 = Debug|Any CPU
		{2A1384A4-6D82-40A5-913A-8F83992727C6}.Release|Any CPU.ActiveCfg = Release|Any CPU
		{2A1384A4-6D82-40A5-913A-8F83992727C6}.Release|Any CPU.Build.0 = Release|Any CPU
	EndGlobalSection
	GlobalSection(SolutionProperties) = preSolution
		HideSolutionNode = FALSE
	EndGlobalSection
	GlobalSection(ExtensibilityGlobals) = postSolution
		SolutionGuid = {98A37F1A-785B-408D-B0BC-7382736B84DE}
	EndGlobalSection
EndGlobal
